
Microsoft Visual Studio Solution File, Format Version 12.00
# Visual Studio Version 16
VisualStudioVersion = 16.0.29306.81
MinimumVisualStudioVersion = 10.0.40219.1
Project("{FAE04EC0-301F-11D3-BF4B-00C04F79EFBC}") = "CheckPasswordStrength", "CheckPasswordStrength\CheckPasswordStrength.csproj", "{013CA11A-3753-41BE-AD87-9A69FBD12D9A}"
EndProject
Project("{FAE04EC0-301F-11D3-BF4B-00C04F79EFBC}") = "CheckPasswordConsole", "CheckPasswordConsole\CheckPasswordConsole.csproj", "{0F520CBD-7DAE-4C2E-9943-538676CD6A67}"
EndProject
Project("{FAE04EC0-301F-11D3-BF4B-00C04F79EFBC}") = "CheckPasswordStrength.API", "CheckPasswordStrength.API\CheckPasswordStrength.API.csproj", "{18A5458A-AF59-41D9-8D4C-80C989AA92DB}"
EndProject
Project("{2150E333-8FDC-42A3-9474-1A3956D46DE8}") = "src", "src", "{065FD207-E965-480C-B007-7E93FD347B57}"
EndProject
Project("{2150E333-8FDC-42A3-9474-1A3956D46DE8}") = "tests", "tests", "{2D30A7B4-AAD8-4DFE-9984-F25FC69CB5CE}"
EndProject
Project("{FAE04EC0-301F-11D3-BF4B-00C04F79EFBC}") = "CheckPasswordStrength.Test", "CheckPasswordStrength.Test\CheckPasswordStrength.Test.csproj", "{9310F154-A020-4FB0-9506-DF34F6C67942}"
EndProject
Global
	GlobalSection(SolutionConfigurationPlatforms) = preSolution
		Debug|Any CPU = Debug|Any CPU
		Release|Any CPU = Release|Any CPU
	EndGlobalSection
	GlobalSection(ProjectConfigurationPlatforms) = postSolution
		{013CA11A-3753-41BE-AD87-9A69FBD12D9A}.Debug|Any CPU.ActiveCfg = Debug|Any CPU
		{013CA11A-3753-41BE-AD87-9A69FBD12D9A}.Debug|Any CPU.Build.0 = Debug|Any CPU
		{013CA11A-3753-41BE-AD87-9A69FBD12D9A}.Release|Any CPU.ActiveCfg = Release|Any CPU
		{013CA11A-3753-41BE-AD87-9A69FBD12D9A}.Release|Any CPU.Build.0 = Release|Any CPU
		{0F520CBD-7DAE-4C2E-9943-538676CD6A67}.Debug|Any CPU.ActiveCfg = Debug|Any CPU
		{0F520CBD-7DAE-4C2E-9943-538676CD6A67}.Debug|Any CPU.Build.0 = Debug|Any CPU
		{0F520CBD-7DAE-4C2E-9943-538676CD6A67}.Release|Any CPU.ActiveCfg = Release|Any CPU
		{0F520CBD-7DAE-4C2E-9943-538676CD6A67}.Release|Any CPU.Build.0 = Release|Any CPU
		{18A5458A-AF59-41D9-8D4C-80C989AA92DB}.Debug|Any CPU.ActiveCfg = Debug|Any CPU
		{18A5458A-AF59-41D9-8D4C-80C989AA92DB}.Debug|Any CPU.Build.0 = Debug|Any CPU
		{18A5458A-AF59-41D9-8D4C-80C989AA92DB}.Release|Any CPU.ActiveCfg = Release|Any CPU
		{18A5458A-AF59-41D9-8D4C-80C989AA92DB}.Release|Any CPU.Build.0 = Release|Any CPU
		{9310F154-A020-4FB0-9506-DF34F6C67942}.Debug|Any CPU.ActiveCfg = Debug|Any CPU
		{9310F154-A020-4FB0-9506-DF34F6C67942}.Debug|Any CPU.Build.0 = Debug|Any CPU
		{9310F154-A020-4FB0-9506-DF34F6C67942}.Release|Any CPU.ActiveCfg = Release|Any CPU
		{9310F154-A020-4FB0-9506-DF34F6C67942}.Release|Any CPU.Build.0 = Release|Any CPU
	EndGlobalSection
	GlobalSection(SolutionProperties) = preSolution
		HideSolutionNode = FALSE
	EndGlobalSection
	GlobalSection(NestedProjects) = preSolution
		{013CA11A-3753-41BE-AD87-9A69FBD12D9A} = {065FD207-E965-480C-B007-7E93FD347B57}
		{9310F154-A020-4FB0-9506-DF34F6C67942} = {2D30A7B4-AAD8-4DFE-9984-F25FC69CB5CE}
	EndGlobalSection
	GlobalSection(ExtensibilityGlobals) = postSolution
		SolutionGuid = {F7E9E8BC-FA26-4689-886A-B02B0572CD55}
	EndGlobalSection
EndGlobal
